// !$*UTF8*$!
{
	archiveVersion = 1;
	classes = {
	};
	objectVersion = 55;
	objects = {

/* Begin PBXBuildFile section */
		16F81B5429810C21002F9105 /* dustCalrendarApp.swift in Sources */ = {isa = PBXBuildFile; fileRef = 16F81B5329810C21002F9105 /* dustCalrendarApp.swift */; };
		16F81B5629810C21002F9105 /* ContentView.swift in Sources */ = {isa = PBXBuildFile; fileRef = 16F81B5529810C21002F9105 /* ContentView.swift */; };
		16F81B5829810C24002F9105 /* Assets.xcassets in Resources */ = {isa = PBXBuildFile; fileRef = 16F81B5729810C24002F9105 /* Assets.xcassets */; };
		16F81B5B29810C24002F9105 /* Preview Assets.xcassets in Resources */ = {isa = PBXBuildFile; fileRef = 16F81B5A29810C24002F9105 /* Preview Assets.xcassets */; };
		16F81B6529810C24002F9105 /* dustCalrendarTests.swift in Sources */ = {isa = PBXBuildFile; fileRef = 16F81B6429810C24002F9105 /* dustCalrendarTests.swift */; };
		16F81B6F29810C24002F9105 /* dustCalrendarUITests.swift in Sources */ = {isa = PBXBuildFile; fileRef = 16F81B6E29810C24002F9105 /* dustCalrendarUITests.swift */; };
		16F81B7129810C24002F9105 /* dustCalrendarUITestsLaunchTests.swift in Sources */ = {isa = PBXBuildFile; fileRef = 16F81B7029810C24002F9105 /* dustCalrendarUITestsLaunchTests.swift */; };
/* End PBXBuildFile section */

/* Begin PBXContainerItemProxy section */
		16F81B6129810C24002F9105 /* PBXContainerItemProxy */ = {
			isa = PBXContainerItemProxy;
			containerPortal = 16F81B4829810C21002F9105 /* Project object */;
			proxyType = 1;
			remoteGlobalIDString = 16F81B4F29810C21002F9105;
			remoteInfo = dustCalrendar;
		};
		16F81B6B29810C24002F9105 /* PBXContainerItemProxy */ = {
			isa = PBXContainerItemProxy;
			containerPortal = 16F81B4829810C21002F9105 /* Project object */;
			proxyType = 1;
			remoteGlobalIDString = 16F81B4F29810C21002F9105;
			remoteInfo = dustCalrendar;
		};
/* End PBXContainerItemProxy section */

/* Begin PBXFileReference section */
		16F81B5029810C21002F9105 /* dustCalrendar.app */ = {isa = PBXFileReference; explicitFileType = wrapper.application; includeInIndex = 0; path = dustCalrendar.app; sourceTree = BUILT_PRODUCTS_DIR; };
		16F81B5329810C21002F9105 /* dustCalrendarApp.swift */ = {isa = PBXFileReference; lastKnownFileType = sourcecode.swift; path = dustCalrendarApp.swift; sourceTree = "<group>"; };
		16F81B5529810C21002F9105 /* ContentView.swift */ = {isa = PBXFileReference; lastKnownFileType = sourcecode.swift; path = ContentView.swift; sourceTree = "<group>"; };
		16F81B5729810C24002F9105 /* Assets.xcassets */ = {isa = PBXFileReference; lastKnownFileType = folder.assetcatalog; path = Assets.xcassets; sourceTree = "<group>"; };
		16F81B5A29810C24002F9105 /* Preview Assets.xcassets */ = {isa = PBXFileReference; lastKnownFileType = folder.assetcatalog; path = "Preview Assets.xcassets"; sourceTree = "<group>"; };
		16F81B6029810C24002F9105 /* dustCalrendarTests.xctest */ = {isa = PBXFileReference; explicitFileType = wrapper.cfbundle; includeInIndex = 0; path = dustCalrendarTests.xctest; sourceTree = BUILT_PRODUCTS_DIR; };
		16F81B6429810C24002F9105 /* dustCalrendarTests.swift */ = {isa = PBXFileReference; lastKnownFileType = sourcecode.swift; path = dustCalrendarTests.swift; sourceTree = "<group>"; };
		16F81B6A29810C24002F9105 /* dustCalrendarUITests.xctest */ = {isa = PBXFileReference; explicitFileType = wrapper.cfbundle; includeInIndex = 0; path = dustCalrendarUITests.xctest; sourceTree = BUILT_PRODUCTS_DIR; };
		16F81B6E29810C24002F9105 /* dustCalrendarUITests.swift */ = {isa = PBXFileReference; lastKnownFileType = sourcecode.swift; path = dustCalrendarUITests.swift; sourceTree = "<group>"; };
		16F81B7029810C24002F9105 /* dustCalrendarUITestsLaunchTests.swift */ = {isa = PBXFileReference; lastKnownFileType = sourcecode.swift; path = dustCalrendarUITestsLaunchTests.swift; sourceTree = "<group>"; };
/* End PBXFileReference section */

/* Begin PBXFrameworksBuildPhase section */
		16F81B4D29810C21002F9105 /* Frameworks */ = {
			isa = PBXFrameworksBuildPhase;
			buildActionMask = 2147483647;
			files = (
			);
			runOnlyForDeploymentPostprocessing = 0;
		};
		16F81B5D29810C24002F9105 /* Frameworks */ = {
			isa = PBXFrameworksBuildPhase;
			buildActionMask = 2147483647;
			files = (
			);
			runOnlyForDeploymentPostprocessing = 0;
		};
		16F81B6729810C24002F9105 /* Frameworks */ = {
			isa = PBXFrameworksBuildPhase;
			buildActionMask = 2147483647;
			files = (
			);
			runOnlyForDeploymentPostprocessing = 0;
		};
/* End PBXFrameworksBuildPhase section */

/* Begin PBXGroup section */
		16F81B4729810C21002F9105 = {
			isa = PBXGroup;
			children = (
				16F81B5229810C21002F9105 /* dustCalrendar */,
				16F81B6329810C24002F9105 /* dustCalrendarTests */,
				16F81B6D29810C24002F9105 /* dustCalrendarUITests */,
				16F81B5129810C21002F9105 /* Products */,
			);
			sourceTree = "<group>";
		};
		16F81B5129810C21002F9105 /* Products */ = {
			isa = PBXGroup;
			children = (
				16F81B5029810C21002F9105 /* dustCalrendar.app */,
				16F81B6029810C24002F9105 /* dustCalrendarTests.xctest */,
				16F81B6A29810C24002F9105 /* dustCalrendarUITests.xctest */,
			);
			name = Products;
			sourceTree = "<group>";
		};
		16F81B5229810C21002F9105 /* dustCalrendar */ = {
			isa = PBXGroup;
			children = (
				16F81B5329810C21002F9105 /* dustCalrendarApp.swift */,
				16F81B5529810C21002F9105 /* ContentView.swift */,
				16F81B5729810C24002F9105 /* Assets.xcassets */,
				16F81B5929810C24002F9105 /* Preview Content */,
			);
			path = dustCalrendar;
			sourceTree = "<group>";
		};
		16F81B5929810C24002F9105 /* Preview Content */ = {
			isa = PBXGroup;
			children = (
				16F81B5A29810C24002F9105 /* Preview Assets.xcassets */,
			);
			path = "Preview Content";
			sourceTree = "<group>";
		};
		16F81B6329810C24002F9105 /* dustCalrendarTests */ = {
			isa = PBXGroup;
			children = (
				16F81B6429810C24002F9105 /* dustCalrendarTests.swift */,
			);
			path = dustCalrendarTests;
			sourceTree = "<group>";
		};
		16F81B6D29810C24002F9105 /* dustCalrendarUITests */ = {
			isa = PBXGroup;
			children = (
				16F81B6E29810C24002F9105 /* dustCalrendarUITests.swift */,
				16F81B7029810C24002F9105 /* dustCalrendarUITestsLaunchTests.swift */,
			);
			path = dustCalrendarUITests;
			sourceTree = "<group>";
		};
/* End PBXGroup section */

/* Begin PBXNativeTarget section */
		16F81B4F29810C21002F9105 /* dustCalrendar */ = {
			isa = PBXNativeTarget;
			buildConfigurationList = 16F81B7429810C24002F9105 /* Build configuration list for PBXNativeTarget "dustCalrendar" */;
			buildPhases = (
				16F81B4C29810C21002F9105 /* Sources */,
				16F81B4D29810C21002F9105 /* Frameworks */,
				16F81B4E29810C21002F9105 /* Resources */,
			);
			buildRules = (
			);
			dependencies = (
			);
			name = dustCalrendar;
			productName = dustCalrendar;
			productReference = 16F81B5029810C21002F9105 /* dustCalrendar.app */;
			productType = "com.apple.product-type.application";
		};
		16F81B5F29810C24002F9105 /* dustCalrendarTests */ = {
			isa = PBXNativeTarget;
			buildConfigurationList = 16F81B7729810C24002F9105 /* Build configuration list for PBXNativeTarget "dustCalrendarTests" */;
			buildPhases = (
				16F81B5C29810C24002F9105 /* Sources */,
				16F81B5D29810C24002F9105 /* Frameworks */,
				16F81B5E29810C24002F9105 /* Resources */,
			);
			buildRules = (
			);
			dependencies = (
				16F81B6229810C24002F9105 /* PBXTargetDependency */,
			);
			name = dustCalrendarTests;
			productName = dustCalrendarTests;
			productReference = 16F81B6029810C24002F9105 /* dustCalrendarTests.xctest */;
			productType = "com.apple.product-type.bundle.unit-test";
		};
		16F81B6929810C24002F9105 /* dustCalrendarUITests */ = {
			isa = PBXNativeTarget;
			buildConfigurationList = 16F81B7A29810C24002F9105 /* Build configuration list for PBXNativeTarget "dustCalrendarUITests" */;
			buildPhases = (
				16F81B6629810C24002F9105 /* Sources */,
				16F81B6729810C24002F9105 /* Frameworks */,
				16F81B6829810C24002F9105 /* Resources */,
			);
			buildRules = (
			);
			dependencies = (
				16F81B6C29810C24002F9105 /* PBXTargetDependency */,
			);
			name = dustCalrendarUITests;
			productName = dustCalrendarUITests;
			productReference = 16F81B6A29810C24002F9105 /* dustCalrendarUITests.xctest */;
			productType = "com.apple.product-type.bundle.ui-testing";
		};
/* End PBXNativeTarget section */

/* Begin PBXProject section */
		16F81B4829810C21002F9105 /* Project object */ = {
			isa = PBXProject;
			attributes = {
				BuildIndependentTargetsInParallel = 1;
				LastSwiftUpdateCheck = 1330;
				LastUpgradeCheck = 1330;
				TargetAttributes = {
					16F81B4F29810C21002F9105 = {
						CreatedOnToolsVersion = 13.3;
					};
					16F81B5F29810C24002F9105 = {
						CreatedOnToolsVersion = 13.3;
						TestTargetID = 16F81B4F29810C21002F9105;
					};
					16F81B6929810C24002F9105 = {
						CreatedOnToolsVersion = 13.3;
						TestTargetID = 16F81B4F29810C21002F9105;
					};
				};
			};
			buildConfigurationList = 16F81B4B29810C21002F9105 /* Build configuration list for PBXProject "dustCalrendar" */;
			compatibilityVersion = "Xcode 13.0";
			developmentRegion = en;
			hasScannedForEncodings = 0;
			knownRegions = (
				en,
				Base,
			);
			mainGroup = 16F81B4729810C21002F9105;
			productRefGroup = 16F81B5129810C21002F9105 /* Products */;
			projectDirPath = "";
			projectRoot = "";
			targets = (
				16F81B4F29810C21002F9105 /* dustCalrendar */,
				16F81B5F29810C24002F9105 /* dustCalrendarTests */,
				16F81B6929810C24002F9105 /* dustCalrendarUITests */,
			);
		};
/* End PBXProject section */

/* Begin PBXResourcesBuildPhase section */
		16F81B4E29810C21002F9105 /* Resources */ = {
			isa = PBXResourcesBuildPhase;
			buildActionMask = 2147483647;
			files = (
				16F81B5B29810C24002F9105 /* Preview Assets.xcassets in Resources */,
				16F81B5829810C24002F9105 /* Assets.xcassets in Resources */,
			);
			runOnlyForDeploymentPostprocessing = 0;
		};
		16F81B5E29810C24002F9105 /* Resources */ = {
			isa = PBXResourcesBuildPhase;
			buildActionMask = 2147483647;
			files = (
			);
			runOnlyForDeploymentPostprocessing = 0;
		};
		16F81B6829810C24002F9105 /* Resources */ = {
			isa = PBXResourcesBuildPhase;
			buildActionMask = 2147483647;
			files = (
			);
			runOnlyForDeploymentPostprocessing = 0;
		};
/* End PBXResourcesBuildPhase section */

/* Begin PBXSourcesBuildPhase section */
		16F81B4C29810C21002F9105 /* Sources */ = {
			isa = PBXSourcesBuildPhase;
			buildActionMask = 2147483647;
			files = (
				16F81B5629810C21002F9105 /* ContentView.swift in Sources */,
				16F81B5429810C21002F9105 /* dustCalrendarApp.swift in Sources */,
			);
			runOnlyForDeploymentPostprocessing = 0;
		};
		16F81B5C29810C24002F9105 /* Sources */ = {
			isa = PBXSourcesBuildPhase;
			buildActionMask = 2147483647;
			files = (
				16F81B6529810C24002F9105 /* dustCalrendarTests.swift in Sources */,
			);
			runOnlyForDeploymentPostprocessing = 0;
		};
		16F81B6629810C24002F9105 /* Sources */ = {
			isa = PBXSourcesBuildPhase;
			buildActionMask = 2147483647;
			files = (
				16F81B6F29810C24002F9105 /* dustCalrendarUITests.swift in Sources */,
				16F81B7129810C24002F9105 /* dustCalrendarUITestsLaunchTests.swift in Sources */,
			);
			runOnlyForDeploymentPostprocessing = 0;
		};
/* End PBXSourcesBuildPhase section */

/* Begin PBXTargetDependency section */
		16F81B6229810C24002F9105 /* PBXTargetDependency */ = {
			isa = PBXTargetDependency;
			target = 16F81B4F29810C21002F9105 /* dustCalrendar */;
			targetProxy = 16F81B6129810C24002F9105 /* PBXContainerItemProxy */;
		};
		16F81B6C29810C24002F9105 /* PBXTargetDependency */ = {
			isa = PBXTargetDependency;
			target = 16F81B4F29810C21002F9105 /* dustCalrendar */;
			targetProxy = 16F81B6B29810C24002F9105 /* PBXContainerItemProxy */;
		};
/* End PBXTargetDependency section */

/* Begin XCBuildConfiguration section */
		16F81B7229810C24002F9105 /* Debug */ = {
			isa = XCBuildConfiguration;
			buildSettings = {
				ALWAYS_SEARCH_USER_PATHS = NO;
				CLANG_ANALYZER_NONNULL = YES;
				CLANG_ANALYZER_NUMBER_OBJECT_CONVERSION = YES_AGGRESSIVE;
				CLANG_CXX_LANGUAGE_STANDARD = "gnu++17";
				CLANG_ENABLE_MODULES = YES;
				CLANG_ENABLE_OBJC_ARC = YES;
				CLANG_ENABLE_OBJC_WEAK = YES;
				CLANG_WARN_BLOCK_CAPTURE_AUTORELEASING = YES;
				CLANG_WARN_BOOL_CONVERSION = YES;
				CLANG_WARN_COMMA = YES;
				CLANG_WARN_CONSTANT_CONVERSION = YES;
				CLANG_WARN_DEPRECATED_OBJC_IMPLEMENTATIONS = YES;
				CLANG_WARN_DIRECT_OBJC_ISA_USAGE = YES_ERROR;
				CLANG_WARN_DOCUMENTATION_COMMENTS = YES;
				CLANG_WARN_EMPTY_BODY = YES;
				CLANG_WARN_ENUM_CONVERSION = YES;
				CLANG_WARN_INFINITE_RECURSION = YES;
				CLANG_WARN_INT_CONVERSION = YES;
				CLANG_WARN_NON_LITERAL_NULL_CONVERSION = YES;
				CLANG_WARN_OBJC_IMPLICIT_RETAIN_SELF = YES;
				CLANG_WARN_OBJC_LITERAL_CONVERSION = YES;
				CLANG_WARN_OBJC_ROOT_CLASS = YES_ERROR;
				CLANG_WARN_QUOTED_INCLUDE_IN_FRAMEWORK_HEADER = YES;
				CLANG_WARN_RANGE_LOOP_ANALYSIS = YES;
				CLANG_WARN_STRICT_PROTOTYPES = YES;
				CLANG_WARN_SUSPICIOUS_MOVE = YES;
				CLANG_WARN_UNGUARDED_AVAILABILITY = YES_AGGRESSIVE;
				CLANG_WARN_UNREACHABLE_CODE = YES;
				CLANG_WARN__DUPLICATE_METHOD_MATCH = YES;
				COPY_PHASE_STRIP = NO;
				DEBUG_INFORMATION_FORMAT = dwarf;
				ENABLE_STRICT_OBJC_MSGSEND = YES;
				ENABLE_TESTABILITY = YES;
				GCC_C_LANGUAGE_STANDARD = gnu11;
				GCC_DYNAMIC_NO_PIC = NO;
				GCC_NO_COMMON_BLOCKS = YES;
				GCC_OPTIMIZATION_LEVEL = 0;
				GCC_PREPROCESSOR_DEFINITIONS = (
					"DEBUG=1",
					"$(inherited)",
				);
				GCC_WARN_64_TO_32_BIT_CONVERSION = YES;
				GCC_WARN_ABOUT_RETURN_TYPE = YES_ERROR;
				GCC_WARN_UNDECLARED_SELECTOR = YES;
				GCC_WARN_UNINITIALIZED_AUTOS = YES_AGGRESSIVE;
				GCC_WARN_UNUSED_FUNCTION = YES;
				GCC_WARN_UNUSED_VARIABLE = YES;
				IPHONEOS_DEPLOYMENT_TARGET = 15.4;
				MTL_ENABLE_DEBUG_INFO = INCLUDE_SOURCE;
				MTL_FAST_MATH = YES;
				ONLY_ACTIVE_ARCH = YES;
				SDKROOT = iphoneos;
				SWIFT_ACTIVE_COMPILATION_CONDITIONS = DEBUG;
				SWIFT_OPTIMIZATION_LEVEL = "-Onone";
			};
			name = Debug;
		};
		16F81B7329810C24002F9105 /* Release */ = {
			isa = XCBuildConfiguration;
			buildSettings = {
				ALWAYS_SEARCH_USER_PATHS = NO;
				CLANG_ANALYZER_NONNULL = YES;
				CLANG_ANALYZER_NUMBER_OBJECT_CONVERSION = YES_AGGRESSIVE;
				CLANG_CXX_LANGUAGE_STANDARD = "gnu++17";
				CLANG_ENABLE_MODULES = YES;
				CLANG_ENABLE_OBJC_ARC = YES;
				CLANG_ENABLE_OBJC_WEAK = YES;
				CLANG_WARN_BLOCK_CAPTURE_AUTORELEASING = YES;
				CLANG_WARN_BOOL_CONVERSION = YES;
				CLANG_WARN_COMMA = YES;
				CLANG_WARN_CONSTANT_CONVERSION = YES;
				CLANG_WARN_DEPRECATED_OBJC_IMPLEMENTATIONS = YES;
				CLANG_WARN_DIRECT_OBJC_ISA_USAGE = YES_ERROR;
				CLANG_WARN_DOCUMENTATION_COMMENTS = YES;
				CLANG_WARN_EMPTY_BODY = YES;
				CLANG_WARN_ENUM_CONVERSION = YES;
				CLANG_WARN_INFINITE_RECURSION = YES;
				CLANG_WARN_INT_CONVERSION = YES;
				CLANG_WARN_NON_LITERAL_NULL_CONVERSION = YES;
				CLANG_WARN_OBJC_IMPLICIT_RETAIN_SELF = YES;
				CLANG_WARN_OBJC_LITERAL_CONVERSION = YES;
				CLANG_WARN_OBJC_ROOT_CLASS = YES_ERROR;
				CLANG_WARN_QUOTED_INCLUDE_IN_FRAMEWORK_HEADER = YES;
				CLANG_WARN_RANGE_LOOP_ANALYSIS = YES;
				CLANG_WARN_STRICT_PROTOTYPES = YES;
				CLANG_WARN_SUSPICIOUS_MOVE = YES;
				CLANG_WARN_UNGUARDED_AVAILABILITY = YES_AGGRESSIVE;
				CLANG_WARN_UNREACHABLE_CODE = YES;
				CLANG_WARN__DUPLICATE_METHOD_MATCH = YES;
				COPY_PHASE_STRIP = NO;
				DEBUG_INFORMATION_FORMAT = "dwarf-with-dsym";
				ENABLE_NS_ASSERTIONS = NO;
				ENABLE_STRICT_OBJC_MSGSEND = YES;
				GCC_C_LANGUAGE_STANDARD = gnu11;
				GCC_NO_COMMON_BLOCKS = YES;
				GCC_WARN_64_TO_32_BIT_CONVERSION = YES;
				GCC_WARN_ABOUT_RETURN_TYPE = YES_ERROR;
				GCC_WARN_UNDECLARED_SELECTOR = YES;
				GCC_WARN_UNINITIALIZED_AUTOS = YES_AGGRESSIVE;
				GCC_WARN_UNUSED_FUNCTION = YES;
				GCC_WARN_UNUSED_VARIABLE = YES;
				IPHONEOS_DEPLOYMENT_TARGET = 15.4;
				MTL_ENABLE_DEBUG_INFO = NO;
				MTL_FAST_MATH = YES;
				SDKROOT = iphoneos;
				SWIFT_COMPILATION_MODE = wholemodule;
				SWIFT_OPTIMIZATION_LEVEL = "-O";
				VALIDATE_PRODUCT = YES;
			};
			name = Release;
		};
		16F81B7529810C24002F9105 /* Debug */ = {
			isa = XCBuildConfiguration;
			buildSettings = {
				ASSETCATALOG_COMPILER_APPICON_NAME = AppIcon;
				ASSETCATALOG_COMPILER_GLOBAL_ACCENT_COLOR_NAME = AccentColor;
				CODE_SIGN_STYLE = Automatic;
				CURRENT_PROJECT_VERSION = 1;
				DEVELOPMENT_ASSET_PATHS = "\"dustCalrendar/Preview Content\"";
				DEVELOPMENT_TEAM = 27PDE49Z62;
				ENABLE_PREVIEWS = YES;
				GENERATE_INFOPLIST_FILE = YES;
				INFOPLIST_KEY_UIApplicationSceneManifest_Generation = YES;
				INFOPLIST_KEY_UIApplicationSupportsIndirectInputEvents = YES;
				INFOPLIST_KEY_UILaunchScreen_Generation = YES;
				INFOPLIST_KEY_UISupportedInterfaceOrientations_iPad = "UIInterfaceOrientationPortrait UIInterfaceOrientationPortraitUpsideDown UIInterfaceOrientationLandscapeLeft UIInterfaceOrientationLandscapeRight";
				INFOPLIST_KEY_UISupportedInterfaceOrientations_iPhone = "UIInterfaceOrientationPortrait UIInterfaceOrientationLandscapeLeft UIInterfaceOrientationLandscapeRight";
				LD_RUNPATH_SEARCH_PATHS = (
					"$(inherited)",
					"@executable_path/Frameworks",
				);
				MARKETING_VERSION = 1.0;
				PRODUCT_BUNDLE_IDENTIFIER = yosuke.dustCalrendar;
				PRODUCT_NAME = "$(TARGET_NAME)";
				SWIFT_EMIT_LOC_STRINGS = YES;
				SWIFT_VERSION = 5.0;
				TARGETED_DEVICE_FAMILY = "1,2";
			};
			name = Debug;
		};
		16F81B7629810C24002F9105 /* Release */ = {
			isa = XCBuildConfiguration;
			buildSettings = {
				ASSETCATALOG_COMPILER_APPICON_NAME = AppIcon;
				ASSETCATALOG_COMPILER_GLOBAL_ACCENT_COLOR_NAME = AccentColor;
				CODE_SIGN_STYLE = Automatic;
				CURRENT_PROJECT_VERSION = 1;
				DEVELOPMENT_ASSET_PATHS = "\"dustCalrendar/Preview Content\"";
				DEVELOPMENT_TEAM = 27PDE49Z62;
				ENABLE_PREVIEWS = YES;
				GENERATE_INFOPLIST_FILE = YES;
				INFOPLIST_KEY_UIApplicationSceneManifest_Generation = YES;
				INFOPLIST_KEY_UIApplicationSupportsIndirectInputEvents = YES;
				INFOPLIST_KEY_UILaunchScreen_Generation = YES;
				INFOPLIST_KEY_UISupportedInterfaceOrientations_iPad = "UIInterfaceOrientationPortrait UIInterfaceOrientationPortraitUpsideDown UIInterfaceOrientationLandscapeLeft UIInterfaceOrientationLandscapeRight";
				INFOPLIST_KEY_UISupportedInterfaceOrientations_iPhone = "UIInterfaceOrientationPortrait UIInterfaceOrientationLandscapeLeft UIInterfaceOrientationLandscapeRight";
				LD_RUNPATH_SEARCH_PATHS = (
					"$(inherited)",
					"@executable_path/Frameworks",
				);
				MARKETING_VERSION = 1.0;
				PRODUCT_BUNDLE_IDENTIFIER = yosuke.dustCalrendar;
				PRODUCT_NAME = "$(TARGET_NAME)";
				SWIFT_EMIT_LOC_STRINGS = YES;
				SWIFT_VERSION = 5.0;
				TARGETED_DEVICE_FAMILY = "1,2";
			};
			name = Release;
		};
		16F81B7829810C24002F9105 /* Debug */ = {
			isa = XCBuildConfiguration;
			buildSettings = {
				ALWAYS_EMBED_SWIFT_STANDARD_LIBRARIES = YES;
				BUNDLE_LOADER = "$(TEST_HOST)";
				CODE_SIGN_STYLE = Automatic;
				CURRENT_PROJECT_VERSION = 1;
				DEVELOPMENT_TEAM = 27PDE49Z62;
				GENERATE_INFOPLIST_FILE = YES;
				IPHONEOS_DEPLOYMENT_TARGET = 15.4;
				MARKETING_VERSION = 1.0;
				PRODUCT_BUNDLE_IDENTIFIER = yosuke.dustCalrendarTests;
				PRODUCT_NAME = "$(TARGET_NAME)";
				SWIFT_EMIT_LOC_STRINGS = NO;
				SWIFT_VERSION = 5.0;
				TARGETED_DEVICE_FAMILY = "1,2";
				TEST_HOST = "$(BUILT_PRODUCTS_DIR)/dustCalrendar.app/dustCalrendar";
			};
			name = Debug;
		};
		16F81B7929810C24002F9105 /* Release */ = {
			isa = XCBuildConfiguration;
			buildSettings = {
				ALWAYS_EMBED_SWIFT_STANDARD_LIBRARIES = YES;
				BUNDLE_LOADER = "$(TEST_HOST)";
				CODE_SIGN_STYLE = Automatic;
				CURRENT_PROJECT_VERSION = 1;
				DEVELOPMENT_TEAM = 27PDE49Z62;
				GENERATE_INFOPLIST_FILE = YES;
				IPHONEOS_DEPLOYMENT_TARGET = 15.4;
				MARKETING_VERSION = 1.0;
				PRODUCT_BUNDLE_IDENTIFIER = yosuke.dustCalrendarTests;
				PRODUCT_NAME = "$(TARGET_NAME)";
				SWIFT_EMIT_LOC_STRINGS = NO;
				SWIFT_VERSION = 5.0;
				TARGETED_DEVICE_FAMILY = "1,2";
				TEST_HOST = "$(BUILT_PRODUCTS_DIR)/dustCalrendar.app/dustCalrendar";
			};
			name = Release;
		};
		16F81B7B29810C24002F9105 /* Debug */ = {
			isa = XCBuildConfiguration;
			buildSettings = {
				ALWAYS_EMBED_SWIFT_STANDARD_LIBRARIES = YES;
				CODE_SIGN_STYLE = Automatic;
				CURRENT_PROJECT_VERSION = 1;
				DEVELOPMENT_TEAM = 27PDE49Z62;
				GENERATE_INFOPLIST_FILE = YES;
				MARKETING_VERSION = 1.0;
				PRODUCT_BUNDLE_IDENTIFIER = yosuke.dustCalrendarUITests;
				PRODUCT_NAME = "$(TARGET_NAME)";
				SWIFT_EMIT_LOC_STRINGS = NO;
				SWIFT_VERSION = 5.0;
				TARGETED_DEVICE_FAMILY = "1,2";
				TEST_TARGET_NAME = dustCalrendar;
			};
			name = Debug;
		};
		16F81B7C29810C24002F9105 /* Release */ = {
			isa = XCBuildConfiguration;
			buildSettings = {
				ALWAYS_EMBED_SWIFT_STANDARD_LIBRARIES = YES;
				CODE_SIGN_STYLE = Automatic;
				CURRENT_PROJECT_VERSION = 1;
				DEVELOPMENT_TEAM = 27PDE49Z62;
				GENERATE_INFOPLIST_FILE = YES;
				MARKETING_VERSION = 1.0;
				PRODUCT_BUNDLE_IDENTIFIER = yosuke.dustCalrendarUITests;
				PRODUCT_NAME = "$(TARGET_NAME)";
				SWIFT_EMIT_LOC_STRINGS = NO;
				SWIFT_VERSION = 5.0;
				TARGETED_DEVICE_FAMILY = "1,2";
				TEST_TARGET_NAME = dustCalrendar;
			};
			name = Release;
		};
/* End XCBuildConfiguration section */

/* Begin XCConfigurationList section */
		16F81B4B29810C21002F9105 /* Build configuration list for PBXProject "dustCalrendar" */ = {
			isa = XCConfigurationList;
			buildConfigurations = (
				16F81B7229810C24002F9105 /* Debug */,
				16F81B7329810C24002F9105 /* Release */,
			);
			defaultConfigurationIsVisible = 0;
			defaultConfigurationName = Release;
		};
		16F81B7429810C24002F9105 /* Build configuration list for PBXNativeTarget "dustCalrendar" */ = {
			isa = XCConfigurationList;
			buildConfigurations = (
				16F81B7529810C24002F9105 /* Debug */,
				16F81B7629810C24002F9105 /* Release */,
			);
			defaultConfigurationIsVisible = 0;
			defaultConfigurationName = Release;
		};
		16F81B7729810C24002F9105 /* Build configuration list for PBXNativeTarget "dustCalrendarTests" */ = {
			isa = XCConfigurationList;
			buildConfigurations = (
				16F81B7829810C24002F9105 /* Debug */,
				16F81B7929810C24002F9105 /* Release */,
			);
			defaultConfigurationIsVisible = 0;
			defaultConfigurationName = Release;
		};
		16F81B7A29810C24002F9105 /* Build configuration list for PBXNativeTarget "dustCalrendarUITests" */ = {
			isa = XCConfigurationList;
			buildConfigurations = (
				16F81B7B29810C24002F9105 /* Debug */,
				16F81B7C29810C24002F9105 /* Release */,
			);
			defaultConfigurationIsVisible = 0;
			defaultConfigurationName = Release;
		};
/* End XCConfigurationList section */
	};
	rootObject = 16F81B4829810C21002F9105 /* Project object */;
}
